
Microsoft Visual Studio Solution File, Format Version 12.00
# Visual Studio Version 17
VisualStudioVersion = 17.13.35806.99
MinimumVisualStudioVersion = 10.0.40219.1
Project("{2150E333-8FDC-42A3-9474-1A3956D46DE8}") = "src", "src", "{02EA681E-C7D8-13C7-8484-4AC65E1B71E8}"
EndProject
Project("{2150E333-8FDC-42A3-9474-1A3956D46DE8}") = "deploy", "deploy", "{E1EBB5C2-8E71-4B89-A7F6-9AB9BB5AF90C}"
	ProjectSection(SolutionItems) = preProject
		deploy\.env = deploy\.env
		deploy\docker-compose.yml = deploy\docker-compose.yml
	EndProjectSection
EndProject
Project("{2150E333-8FDC-42A3-9474-1A3956D46DE8}") = "tests", "tests", "{DDDF0F1A-D51E-494B-A01B-FB90D01FD589}"
EndProject
Project("{FAE04EC0-301F-11D3-BF4B-00C04F79EFBC}") = "Offtube.Api", "src\Offtube.Api\Offtube.Api.csproj", "{F106CD7C-FF32-433F-86E6-DF03EA5A1A37}"
EndProject
Project("{FAE04EC0-301F-11D3-BF4B-00C04F79EFBC}") = "Offtube.Test.Console", "tests\Offtube.Test.Console\Offtube.Test.Console.csproj", "{3780E7AC-216E-4E3B-BF45-3D7D0F3D5DC0}"
EndProject
Project("{FAE04EC0-301F-11D3-BF4B-00C04F79EFBC}") = "Offtube.Unit.Tests", "tests\Offtube.Unit.Tests\Offtube.Unit.Tests.csproj", "{362AEB31-8FC0-4B71-9CC9-B0B365E6AF8C}"
EndProject
Global
	GlobalSection(SolutionConfigurationPlatforms) = preSolution
		Debug|Any CPU = Debug|Any CPU
		Release|Any CPU = Release|Any CPU
	EndGlobalSection
	GlobalSection(ProjectConfigurationPlatforms) = postSolution
		{F106CD7C-FF32-433F-86E6-DF03EA5A1A37}.Debug|Any CPU.ActiveCfg = Debug|Any CPU
		{F106CD7C-FF32-433F-86E6-DF03EA5A1A37}.Debug|Any CPU.Build.0 = Debug|Any CPU
		{F106CD7C-FF32-433F-86E6-DF03EA5A1A37}.Release|Any CPU.ActiveCfg = Release|Any CPU
		{F106CD7C-FF32-433F-86E6-DF03EA5A1A37}.Release|Any CPU.Build.0 = Release|Any CPU
		{3780E7AC-216E-4E3B-BF45-3D7D0F3D5DC0}.Debug|Any CPU.ActiveCfg = Debug|Any CPU
		{3780E7AC-216E-4E3B-BF45-3D7D0F3D5DC0}.Debug|Any CPU.Build.0 = Debug|Any CPU
		{3780E7AC-216E-4E3B-BF45-3D7D0F3D5DC0}.Release|Any CPU.ActiveCfg = Release|Any CPU
		{3780E7AC-216E-4E3B-BF45-3D7D0F3D5DC0}.Release|Any CPU.Build.0 = Release|Any CPU
		{362AEB31-8FC0-4B71-9CC9-B0B365E6AF8C}.Debug|Any CPU.ActiveCfg = Debug|Any CPU
		{362AEB31-8FC0-4B71-9CC9-B0B365E6AF8C}.Debug|Any CPU.Build.0 = Debug|Any CPU
		{362AEB31-8FC0-4B71-9CC9-B0B365E6AF8C}.Release|Any CPU.ActiveCfg = Release|Any CPU
		{362AEB31-8FC0-4B71-9CC9-B0B365E6AF8C}.Release|Any CPU.Build.0 = Release|Any CPU
	EndGlobalSection
	GlobalSection(SolutionProperties) = preSolution
		HideSolutionNode = FALSE
	EndGlobalSection
	GlobalSection(NestedProjects) = preSolution
		{F106CD7C-FF32-433F-86E6-DF03EA5A1A37} = {02EA681E-C7D8-13C7-8484-4AC65E1B71E8}
		{3780E7AC-216E-4E3B-BF45-3D7D0F3D5DC0} = {DDDF0F1A-D51E-494B-A01B-FB90D01FD589}
		{362AEB31-8FC0-4B71-9CC9-B0B365E6AF8C} = {DDDF0F1A-D51E-494B-A01B-FB90D01FD589}
	EndGlobalSection
	GlobalSection(ExtensibilityGlobals) = postSolution
		SolutionGuid = {AC34438F-2DEC-4CFA-893F-A4870326A0CC}
	EndGlobalSection
EndGlobal
